[[package]]
category = "main"
description = "Extensible memoizing collections and decorators"
name = "cachetools"
optional = false
python-versions = "~=3.5"
version = "4.1.0"

[[package]]
category = "main"
description = "Python package for providing Mozilla's CA Bundle."
name = "certifi"
optional = false
python-versions = "*"
version = "2020.4.5.1"

[[package]]
category = "main"
description = "Universal encoding detector for Python 2 and 3"
name = "chardet"
optional = false
python-versions = "*"
version = "3.0.4"

[[package]]
category = "main"
description = "Composable command line interface toolkit"
name = "click"
optional = false
python-versions = ">=2.7, !=3.0.*, !=3.1.*, !=3.2.*, !=3.3.*, !=3.4.*"
version = "7.1.2"

[[package]]
category = "main"
description = "A platform independent file lock."
name = "filelock"
optional = false
python-versions = "*"
version = "3.0.12"

[[package]]
category = "main"
description = "Google API client core library"
name = "google-api-core"
optional = false
python-versions = ">=2.7,!=3.0.*,!=3.1.*,!=3.2.*,!=3.3.*"
version = "1.17.0"

[package.dependencies]
google-auth = ">=1.14.0,<2.0dev"
googleapis-common-protos = ">=1.6.0,<2.0dev"
protobuf = ">=3.4.0"
pytz = "*"
requests = ">=2.18.0,<3.0.0dev"
setuptools = ">=34.0.0"
six = ">=1.10.0"

[package.extras]
grpc = ["grpcio (>=1.8.2,<2.0dev)"]
grpcgcp = ["grpcio-gcp (>=0.2.2)"]
grpcio-gcp = ["grpcio-gcp (>=0.2.2)"]

[[package]]
category = "main"
description = "Google Authentication Library"
name = "google-auth"
optional = false
python-versions = ">=2.7,!=3.0.*,!=3.1.*,!=3.2.*,!=3.3.*"
version = "1.15.0"

[package.dependencies]
cachetools = ">=2.0.0,<5.0"
pyasn1-modules = ">=0.2.1"
rsa = ">=3.1.4,<4.1"
setuptools = ">=40.3.0"
six = ">=1.9.0"

[[package]]
category = "main"
description = "Google Cloud API client core library"
name = "google-cloud-core"
optional = false
python-versions = ">=2.7,!=3.0.*,!=3.1.*,!=3.2.*,!=3.3.*"
version = "1.3.0"

[package.dependencies]
google-api-core = ">=1.16.0,<2.0.0dev"

[package.extras]
grpc = ["grpcio (>=1.8.2,<2.0dev)"]

[[package]]
category = "main"
description = "Google Cloud Storage API client library"
name = "google-cloud-storage"
optional = false
python-versions = ">=2.7,!=3.0.*,!=3.1.*,!=3.2.*,!=3.3.*"
version = "1.28.1"

[package.dependencies]
google-auth = ">=1.11.0,<2.0dev"
google-cloud-core = ">=1.2.0,<2.0dev"
google-resumable-media = ">=0.5.0,<0.6dev"

[[package]]
category = "main"
description = "Utilities for Google Media Downloads and Resumable Uploads"
name = "google-resumable-media"
optional = false
python-versions = ">=2.7,!=3.0.*,!=3.1.*,!=3.2.*,!=3.3.*"
version = "0.5.0"

[package.dependencies]
six = "*"

[package.extras]
requests = ["requests (>=2.18.0,<3.0.0dev)"]

[[package]]
category = "main"
description = "Common protobufs used in Google APIs"
name = "googleapis-common-protos"
optional = false
python-versions = "*"
version = "1.51.0"

[package.dependencies]
protobuf = ">=3.6.0"

[package.extras]
grpc = ["grpcio (>=1.0.0)"]

[[package]]
category = "main"
description = "Internationalized Domain Names in Applications (IDNA)"
name = "idna"
optional = false
python-versions = ">=2.7, !=3.0.*, !=3.1.*, !=3.2.*, !=3.3.*"
version = "2.9"

[[package]]
category = "main"
description = "Lightweight pipelining: using Python functions as pipeline jobs."
name = "joblib"
optional = false
python-versions = ">=3.6"
version = "0.15.1"

[[package]]
category = "main"
description = "NumPy is the fundamental package for array computing with Python."
name = "numpy"
optional = false
python-versions = ">=3.5"
version = "1.18.4"

[[package]]
category = "main"
description = "Powerful data structures for data analysis, time series, and statistics"
name = "pandas"
optional = false
python-versions = ">=3.6.1"
version = "1.0.3"

[package.dependencies]
numpy = ">=1.13.3"
python-dateutil = ">=2.6.1"
pytz = ">=2017.2"

[package.extras]
test = ["pytest (>=4.0.2)", "pytest-xdist", "hypothesis (>=3.58)"]

[[package]]
category = "main"
description = "Protocol Buffers"
name = "protobuf"
optional = false
python-versions = "*"
version = "3.12.1"

[package.dependencies]
setuptools = "*"
six = ">=1.9"

[[package]]
category = "main"
description = "ASN.1 types and codecs"
name = "pyasn1"
optional = false
python-versions = "*"
version = "0.4.8"

[[package]]
category = "main"
description = "A collection of ASN.1-based protocols modules."
name = "pyasn1-modules"
optional = false
python-versions = "*"
version = "0.2.8"

[package.dependencies]
pyasn1 = ">=0.4.6,<0.5.0"

[[package]]
category = "main"
description = "Extensions to the standard Python datetime module"
name = "python-dateutil"
optional = false
python-versions = "!=3.0.*,!=3.1.*,!=3.2.*,>=2.7"
version = "2.8.1"

[package.dependencies]
six = ">=1.5"

[[package]]
category = "main"
description = "World timezone definitions, modern and historical"
name = "pytz"
optional = false
python-versions = "*"
version = "2020.1"

[[package]]
category = "main"
description = "Alternative regular expression module, to replace re."
name = "regex"
optional = false
python-versions = "*"
version = "2020.5.14"

[[package]]
category = "main"
description = "Python HTTP for Humans."
name = "requests"
optional = false
python-versions = ">=2.7, !=3.0.*, !=3.1.*, !=3.2.*, !=3.3.*, !=3.4.*"
version = "2.23.0"

[package.dependencies]
certifi = ">=2017.4.17"
chardet = ">=3.0.2,<4"
idna = ">=2.5,<3"
urllib3 = ">=1.21.1,<1.25.0 || >1.25.0,<1.25.1 || >1.25.1,<1.26"

[package.extras]
security = ["pyOpenSSL (>=0.14)", "cryptography (>=1.3.4)"]
socks = ["PySocks (>=1.5.6,<1.5.7 || >1.5.7)", "win-inet-pton"]

[[package]]
category = "main"
description = "Pure-Python RSA implementation"
name = "rsa"
optional = false
python-versions = "*"
version = "4.0"

[package.dependencies]
pyasn1 = ">=0.1.3"

[[package]]
category = "main"
description = "SacreMoses"
name = "sacremoses"
optional = false
python-versions = "*"
version = "0.0.43"

[package.dependencies]
click = "*"
joblib = "*"
regex = "*"
six = "*"
tqdm = "*"

[[package]]
category = "main"
description = "SentencePiece python wrapper"
name = "sentencepiece"
optional = false
python-versions = "*"
version = "0.1.91"

[[package]]
category = "main"
description = "Python 2 and 3 compatibility utilities"
name = "six"
optional = false
python-versions = ">=2.7, !=3.0.*, !=3.1.*, !=3.2.*"
version = "1.15.0"

[[package]]
category = "main"
description = "Fast and Customizable Tokenizers"
name = "tokenizers"
optional = false
python-versions = "*"
version = "0.7.0"

[package.extras]
testing = ["pytest"]

[[package]]
category = "main"
description = "Fast, Extensible Progress Meter"
name = "tqdm"
optional = false
python-versions = ">=2.6, !=3.0.*, !=3.1.*"
version = "4.46.0"

[package.extras]
dev = ["py-make (>=0.1.0)", "twine", "argopt", "pydoc-markdown"]

[[package]]
category = "main"
description = "State-of-the-art Natural Language Processing for TensorFlow 2.0 and PyTorch"
name = "transformers"
optional = false
python-versions = ">=3.6.0"
version = "2.10.0"

[package.dependencies]
filelock = "*"
numpy = "*"
regex = "!=2019.12.17"
requests = "*"
sacremoses = "*"
sentencepiece = "*"
tokenizers = "0.7.0"
tqdm = ">=4.27"

[package.extras]
all = ["pydantic", "uvicorn", "fastapi", "starlette", "tensorflow", "torch"]
dev = ["pytest", "pytest-xdist", "timeout-decorator", "black", "isort", "flake8", "mecab-python3", "scikit-learn", "tensorflow", "torch"]
docs = ["recommonmark", "sphinx", "sphinx-markdown-tables", "sphinx-rtd-theme"]
mecab = ["mecab-python3"]
quality = ["black", "isort", "flake8"]
serving = ["pydantic", "uvicorn", "fastapi", "starlette"]
sklearn = ["scikit-learn"]
testing = ["pytest", "pytest-xdist", "timeout-decorator"]
tf = ["tensorflow", "onnxconverter-common", "keras2onnx"]
tf-cpu = ["tensorflow-cpu", "onnxconverter-common", "keras2onnx"]
torch = ["torch"]

[[package]]
category = "main"
description = "HTTP library with thread-safe connection pooling, file post, and more."
name = "urllib3"
optional = false
python-versions = ">=2.7, !=3.0.*, !=3.1.*, !=3.2.*, !=3.3.*, !=3.4.*, <4"
version = "1.25.9"

[package.extras]
brotli = ["brotlipy (>=0.6.0)"]
secure = ["certifi", "cryptography (>=1.3.4)", "idna (>=2.0.0)", "pyOpenSSL (>=0.14)", "ipaddress"]
socks = ["PySocks (>=1.5.6,<1.5.7 || >1.5.7,<2.0)"]

[metadata]
content-hash = "aed8de9a80bc6a5d9f67a8e70700da5d117cc06add23e5defce0ce421c720cb6"
python-versions = "^3.8"

[metadata.files]
cachetools = [
    {file = "cachetools-4.1.0-py3-none-any.whl", hash = "sha256:de5d88f87781602201cde465d3afe837546663b168e8b39df67411b0bf10cefc"},
    {file = "cachetools-4.1.0.tar.gz", hash = "sha256:1d057645db16ca7fe1f3bd953558897603d6f0b9c51ed9d11eb4d071ec4e2aab"},
]
certifi = [
    {file = "certifi-2020.4.5.1-py2.py3-none-any.whl", hash = "sha256:1d987a998c75633c40847cc966fcf5904906c920a7f17ef374f5aa4282abd304"},
    {file = "certifi-2020.4.5.1.tar.gz", hash = "sha256:51fcb31174be6e6664c5f69e3e1691a2d72a1a12e90f872cbdb1567eb47b6519"},
]
chardet = [
    {file = "chardet-3.0.4-py2.py3-none-any.whl", hash = "sha256:fc323ffcaeaed0e0a02bf4d117757b98aed530d9ed4531e3e15460124c106691"},
    {file = "chardet-3.0.4.tar.gz", hash = "sha256:84ab92ed1c4d4f16916e05906b6b75a6c0fb5db821cc65e70cbd64a3e2a5eaae"},
]
click = [
    {file = "click-7.1.2-py2.py3-none-any.whl", hash = "sha256:dacca89f4bfadd5de3d7489b7c8a566eee0d3676333fbb50030263894c38c0dc"},
    {file = "click-7.1.2.tar.gz", hash = "sha256:d2b5255c7c6349bc1bd1e59e08cd12acbbd63ce649f2588755783aa94dfb6b1a"},
]
filelock = [
    {file = "filelock-3.0.12-py3-none-any.whl", hash = "sha256:929b7d63ec5b7d6b71b0fa5ac14e030b3f70b75747cef1b10da9b879fef15836"},
    {file = "filelock-3.0.12.tar.gz", hash = "sha256:18d82244ee114f543149c66a6e0c14e9c4f8a1044b5cdaadd0f82159d6a6ff59"},
]
google-api-core = [
    {file = "google-api-core-1.17.0.tar.gz", hash = "sha256:e4082a0b479dc2dee2f8d7b80ea8b5d0184885b773caab15ab1836277a01d689"},
    {file = "google_api_core-1.17.0-py2.py3-none-any.whl", hash = "sha256:c0e430658ed6be902d7ba7095fb0a9cac810270d71bf7ac4484e76c300407aae"},
]
google-auth = [
    {file = "google-auth-1.15.0.tar.gz", hash = "sha256:fbf25fee328c0828ef293459d9c649ef84ee44c0b932bb999d19df0ead1b40cf"},
    {file = "google_auth-1.15.0-py2.py3-none-any.whl", hash = "sha256:73b141d122942afe12e8bfdcb6900d5df35c27d39700f078363ba0b1298ad33b"},
]
google-cloud-core = [
    {file = "google-cloud-core-1.3.0.tar.gz", hash = "sha256:878f9ad080a40cdcec85b92242c4b5819eeb8f120ebc5c9f640935e24fc129d8"},
    {file = "google_cloud_core-1.3.0-py2.py3-none-any.whl", hash = "sha256:6ae5c62931e8345692241ac1939b85a10d6c38dc9e2854bdbacb7e5ac3033229"},
]
google-cloud-storage = [
    {file = "google-cloud-storage-1.28.1.tar.gz", hash = "sha256:a7b5c326e7307a83fa1f1f0ef71aba9ad1f3a2bc6a768401e13fc02369fd8612"},
    {file = "google_cloud_storage-1.28.1-py2.py3-none-any.whl", hash = "sha256:0b28536acab1d7e856a7a89bbfcad41f26f40b46af59786ca874ff0f94bbc0f9"},
]
google-resumable-media = [
    {file = "google-resumable-media-0.5.0.tar.gz", hash = "sha256:2a8fd188afe1cbfd5998bf20602f76b0336aa892de88fe842a806b9a3ed78d2a"},
    {file = "google_resumable_media-0.5.0-py2.py3-none-any.whl", hash = "sha256:b86140d5a0b6d290084b11bde90ee9aecad357ba0e0d67388d016b8340320927"},
]
googleapis-common-protos = [
    {file = "googleapis-common-protos-1.51.0.tar.gz", hash = "sha256:013c91704279119150e44ef770086fdbba158c1f978a6402167d47d5409e226e"},
]
idna = [
    {file = "idna-2.9-py2.py3-none-any.whl", hash = "sha256:a068a21ceac8a4d63dbfd964670474107f541babbd2250d61922f029858365fa"},
    {file = "idna-2.9.tar.gz", hash = "sha256:7588d1c14ae4c77d74036e8c22ff447b26d0fde8f007354fd48a7814db15b7cb"},
]
joblib = [
    {file = "joblib-0.15.1-py3-none-any.whl", hash = "sha256:6825784ffda353cc8a1be573118085789e5b5d29401856b35b756645ab5aecb5"},
    {file = "joblib-0.15.1.tar.gz", hash = "sha256:61e49189c84b3c5d99a969d314853f4d1d263316cc694bec17548ebaa9c47b6e"},
]
numpy = [
    {file = "numpy-1.18.4-cp35-cp35m-macosx_10_9_intel.whl", hash = "sha256:efdba339fffb0e80fcc19524e4fdbda2e2b5772ea46720c44eaac28096d60720"},
    {file = "numpy-1.18.4-cp35-cp35m-manylinux1_i686.whl", hash = "sha256:2b573fcf6f9863ce746e4ad00ac18a948978bb3781cffa4305134d31801f3e26"},
    {file = "numpy-1.18.4-cp35-cp35m-manylinux1_x86_64.whl", hash = "sha256:3f0dae97e1126f529ebb66f3c63514a0f72a177b90d56e4bce8a0b5def34627a"},
    {file = "numpy-1.18.4-cp35-cp35m-win32.whl", hash = "sha256:dccd380d8e025c867ddcb2f84b439722cf1f23f3a319381eac45fd077dee7170"},
    {file = "numpy-1.18.4-cp35-cp35m-win_amd64.whl", hash = "sha256:02ec9582808c4e48be4e93cd629c855e644882faf704bc2bd6bbf58c08a2a897"},
    {file = "numpy-1.18.4-cp36-cp36m-macosx_10_9_x86_64.whl", hash = "sha256:904b513ab8fbcbdb062bed1ce2f794ab20208a1b01ce9bd90776c6c7e7257032"},
    {file = "numpy-1.18.4-cp36-cp36m-manylinux1_i686.whl", hash = "sha256:e22cd0f72fc931d6abc69dc7764484ee20c6a60b0d0fee9ce0426029b1c1bdae"},
    {file = "numpy-1.18.4-cp36-cp36m-manylinux1_x86_64.whl", hash = "sha256:2466fbcf23711ebc5daa61d28ced319a6159b260a18839993d871096d66b93f7"},
    {file = "numpy-1.18.4-cp36-cp36m-win32.whl", hash = "sha256:00d7b54c025601e28f468953d065b9b121ddca7fff30bed7be082d3656dd798d"},
    {file = "numpy-1.18.4-cp36-cp36m-win_amd64.whl", hash = "sha256:7d59f21e43bbfd9a10953a7e26b35b6849d888fc5a331fa84a2d9c37bd9fe2a2"},
    {file = "numpy-1.18.4-cp37-cp37m-macosx_10_9_x86_64.whl", hash = "sha256:efb7ac5572c9a57159cf92c508aad9f856f1cb8e8302d7fdb99061dbe52d712c"},
    {file = "numpy-1.18.4-cp37-cp37m-manylinux1_i686.whl", hash = "sha256:0e6f72f7bb08f2f350ed4408bb7acdc0daba637e73bce9f5ea2b207039f3af88"},
    {file = "numpy-1.18.4-cp37-cp37m-manylinux1_x86_64.whl", hash = "sha256:9933b81fecbe935e6a7dc89cbd2b99fea1bf362f2790daf9422a7bb1dc3c3085"},
    {file = "numpy-1.18.4-cp37-cp37m-win32.whl", hash = "sha256:96dd36f5cdde152fd6977d1bbc0f0561bccffecfde63cd397c8e6033eb66baba"},
    {file = "numpy-1.18.4-cp37-cp37m-win_amd64.whl", hash = "sha256:57aea170fb23b1fd54fa537359d90d383d9bf5937ee54ae8045a723caa5e0961"},
    {file = "numpy-1.18.4-cp38-cp38-macosx_10_9_x86_64.whl", hash = "sha256:ed722aefb0ebffd10b32e67f48e8ac4c5c4cf5d3a785024fdf0e9eb17529cd9d"},
    {file = "numpy-1.18.4-cp38-cp38-manylinux1_i686.whl", hash = "sha256:50fb72bcbc2cf11e066579cb53c4ca8ac0227abb512b6cbc1faa02d1595a2a5d"},
    {file = "numpy-1.18.4-cp38-cp38-manylinux1_x86_64.whl", hash = "sha256:709c2999b6bd36cdaf85cf888d8512da7433529f14a3689d6e37ab5242e7add5"},
    {file = "numpy-1.18.4-cp38-cp38-win32.whl", hash = "sha256:f22273dd6a403ed870207b853a856ff6327d5cbce7a835dfa0645b3fc00273ec"},
    {file = "numpy-1.18.4-cp38-cp38-win_amd64.whl", hash = "sha256:1be2e96314a66f5f1ce7764274327fd4fb9da58584eaff00b5a5221edefee7d6"},
    {file = "numpy-1.18.4.zip", hash = "sha256:bbcc85aaf4cd84ba057decaead058f43191cc0e30d6bc5d44fe336dc3d3f4509"},
]
pandas = [
    {file = "pandas-1.0.3-cp36-cp36m-macosx_10_9_x86_64.whl", hash = "sha256:d234bcf669e8b4d6cbcd99e3ce7a8918414520aeb113e2a81aeb02d0a533d7f7"},
    {file = "pandas-1.0.3-cp36-cp36m-manylinux1_i686.whl", hash = "sha256:ca84a44cf727f211752e91eab2d1c6c1ab0f0540d5636a8382a3af428542826e"},
    {file = "pandas-1.0.3-cp36-cp36m-manylinux1_x86_64.whl", hash = "sha256:1fa4bae1a6784aa550a1c9e168422798104a85bf9c77a1063ea77ee6f8452e3a"},
    {file = "pandas-1.0.3-cp36-cp36m-win32.whl", hash = "sha256:863c3e4b7ae550749a0bb77fa22e601a36df9d2905afef34a6965bed092ba9e5"},
    {file = "pandas-1.0.3-cp36-cp36m-win_amd64.whl", hash = "sha256:a210c91a02ec5ff05617a298ad6f137b9f6f5771bf31f2d6b6367d7f71486639"},
    {file = "pandas-1.0.3-cp37-cp37m-macosx_10_9_x86_64.whl", hash = "sha256:11c7cb654cd3a0e9c54d81761b5920cdc86b373510d829461d8f2ed6d5905266"},
    {file = "pandas-1.0.3-cp37-cp37m-manylinux1_i686.whl", hash = "sha256:6597df07ea361231e60c00692d8a8099b519ed741c04e65821e632bc9ccb924c"},
    {file = "pandas-1.0.3-cp37-cp37m-manylinux1_x86_64.whl", hash = "sha256:743bba36e99d4440403beb45a6f4f3a667c090c00394c176092b0b910666189b"},
    {file = "pandas-1.0.3-cp37-cp37m-win32.whl", hash = "sha256:07c1b58936b80eafdfe694ce964ac21567b80a48d972879a359b3ebb2ea76835"},
    {file = "pandas-1.0.3-cp37-cp37m-win_amd64.whl", hash = "sha256:12f492dd840e9db1688126216706aa2d1fcd3f4df68a195f9479272d50054645"},
    {file = "pandas-1.0.3-cp38-cp38-macosx_10_9_x86_64.whl", hash = "sha256:0ebe327fb088df4d06145227a4aa0998e4f80a9e6aed4b61c1f303bdfdf7c722"},
    {file = "pandas-1.0.3-cp38-cp38-manylinux1_i686.whl", hash = "sha256:858a0d890d957ae62338624e4aeaf1de436dba2c2c0772570a686eaca8b4fc85"},
    {file = "pandas-1.0.3-cp38-cp38-manylinux1_x86_64.whl", hash = "sha256:387dc7b3c0424327fe3218f81e05fc27832772a5dffbed385013161be58df90b"},
    {file = "pandas-1.0.3-cp38-cp38-win32.whl", hash = "sha256:167a1315367cea6ec6a5e11e791d9604f8e03f95b57ad227409de35cf850c9c5"},
    {file = "pandas-1.0.3-cp38-cp38-win_amd64.whl", hash = "sha256:1a7c56f1df8d5ad8571fa251b864231f26b47b59cbe41aa5c0983d17dbb7a8e4"},
    {file = "pandas-1.0.3.tar.gz", hash = "sha256:32f42e322fb903d0e189a4c10b75ba70d90958cc4f66a1781ed027f1a1d14586"},
]
protobuf = [
    {file = "protobuf-3.12.1-cp27-cp27m-macosx_10_9_x86_64.whl", hash = "sha256:fdb1742f883ee4662e39fcc5916f2725fec36a5191a52123fec60f8c53b70495"},
    {file = "protobuf-3.12.1-cp27-cp27mu-manylinux1_x86_64.whl", hash = "sha256:49fb6fab19cd3f30fa0e976eeedcbf2558e9061e5fa65b4fe51ded1f4002e04d"},
    {file = "protobuf-3.12.1-cp35-cp35m-macosx_10_9_intel.whl", hash = "sha256:4c7cae1f56056a4a2a2e3b00b26ab8550eae738bd9548f4ea0c2fcb88ed76ae5"},
    {file = "protobuf-3.12.1-cp35-cp35m-manylinux1_x86_64.whl", hash = "sha256:519abfacbb421c3591d26e8daf7a4957763428db7267f7207e3693e29f6978db"},
    {file = "protobuf-3.12.1-cp35-cp35m-win32.whl", hash = "sha256:c45f5980ce32879391144b5766120fd7b8803129f127ce36bd060dd38824801f"},
    {file = "protobuf-3.12.1-cp35-cp35m-win_amd64.whl", hash = "sha256:60f32af25620abc4d7928d8197f9f25d49d558c5959aa1e08c686f974ac0b71a"},
    {file = "protobuf-3.12.1-cp36-cp36m-macosx_10_9_x86_64.whl", hash = "sha256:04d0b2bd99050d09393875a5a25fd12337b17f3ac2e29c0c1b8e65b277cbfe72"},
    {file = "protobuf-3.12.1-cp36-cp36m-manylinux1_x86_64.whl", hash = "sha256:175d85370947f89e33b3da93f4ccdda3f326bebe3e599df5915ceb7f804cd9df"},
    {file = "protobuf-3.12.1-cp36-cp36m-win32.whl", hash = "sha256:9b1462c033a2cee7f4e8eb396905c69de2c532c3b835ff8f71f8e5fb77c38023"},
    {file = "protobuf-3.12.1-cp36-cp36m-win_amd64.whl", hash = "sha256:613ac49f6db266fba243daf60fb32af107cfe3678e5c003bb40a381b6786389d"},
    {file = "protobuf-3.12.1-cp37-cp37m-macosx_10_9_x86_64.whl", hash = "sha256:440a8c77531b3652f24999b249256ed01fd44c498ab0973843066681bd276685"},
    {file = "protobuf-3.12.1-cp37-cp37m-manylinux1_x86_64.whl", hash = "sha256:954bb14816edd24e746ba1a6b2d48c43576393bbde2fb8e1e3bd6d4504c7feac"},
    {file = "protobuf-3.12.1-cp37-cp37m-win32.whl", hash = "sha256:c0767f4d93ce4288475afe0571663c78870924f1f8881efd5406c10f070c75e4"},
    {file = "protobuf-3.12.1-cp37-cp37m-win_amd64.whl", hash = "sha256:eeb7502f59e889a88bcb59f299493e215d1864f3d75335ea04a413004eb4fe24"},
    {file = "protobuf-3.12.1-cp38-cp38-macosx_10_9_x86_64.whl", hash = "sha256:05288e44638e91498f13127a3699a6528dec6f9d3084d60959d721bfb9ea5b98"},
    {file = "protobuf-3.12.1-cp38-cp38-manylinux1_x86_64.whl", hash = "sha256:fe554066c4962c2db0a1d4752655223eb948d2bfa0fb1c4a7f2c00ec07324f1c"},
]
pyasn1 = [
    {file = "pyasn1-0.4.8-py2.4.egg", hash = "sha256:fec3e9d8e36808a28efb59b489e4528c10ad0f480e57dcc32b4de5c9d8c9fdf3"},
    {file = "pyasn1-0.4.8-py2.5.egg", hash = "sha256:0458773cfe65b153891ac249bcf1b5f8f320b7c2ce462151f8fa74de8934becf"},
    {file = "pyasn1-0.4.8-py2.6.egg", hash = "sha256:5c9414dcfede6e441f7e8f81b43b34e834731003427e5b09e4e00e3172a10f00"},
    {file = "pyasn1-0.4.8-py2.7.egg", hash = "sha256:6e7545f1a61025a4e58bb336952c5061697da694db1cae97b116e9c46abcf7c8"},
    {file = "pyasn1-0.4.8-py2.py3-none-any.whl", hash = "sha256:39c7e2ec30515947ff4e87fb6f456dfc6e84857d34be479c9d4a4ba4bf46aa5d"},
    {file = "pyasn1-0.4.8-py3.1.egg", hash = "sha256:78fa6da68ed2727915c4767bb386ab32cdba863caa7dbe473eaae45f9959da86"},
    {file = "pyasn1-0.4.8-py3.2.egg", hash = "sha256:08c3c53b75eaa48d71cf8c710312316392ed40899cb34710d092e96745a358b7"},
    {file = "pyasn1-0.4.8-py3.3.egg", hash = "sha256:03840c999ba71680a131cfaee6fab142e1ed9bbd9c693e285cc6aca0d555e576"},
    {file = "pyasn1-0.4.8-py3.4.egg", hash = "sha256:7ab8a544af125fb704feadb008c99a88805126fb525280b2270bb25cc1d78a12"},
    {file = "pyasn1-0.4.8-py3.5.egg", hash = "sha256:e89bf84b5437b532b0803ba5c9a5e054d21fec423a89952a74f87fa2c9b7bce2"},
    {file = "pyasn1-0.4.8-py3.6.egg", hash = "sha256:014c0e9976956a08139dc0712ae195324a75e142284d5f87f1a87ee1b068a359"},
    {file = "pyasn1-0.4.8-py3.7.egg", hash = "sha256:99fcc3c8d804d1bc6d9a099921e39d827026409a58f2a720dcdb89374ea0c776"},
    {file = "pyasn1-0.4.8.tar.gz", hash = "sha256:aef77c9fb94a3ac588e87841208bdec464471d9871bd5050a287cc9a475cd0ba"},
]
pyasn1-modules = [
    {file = "pyasn1-modules-0.2.8.tar.gz", hash = "sha256:905f84c712230b2c592c19470d3ca8d552de726050d1d1716282a1f6146be65e"},
    {file = "pyasn1_modules-0.2.8-py2.4.egg", hash = "sha256:0fe1b68d1e486a1ed5473f1302bd991c1611d319bba158e98b106ff86e1d7199"},
    {file = "pyasn1_modules-0.2.8-py2.5.egg", hash = "sha256:fe0644d9ab041506b62782e92b06b8c68cca799e1a9636ec398675459e031405"},
    {file = "pyasn1_modules-0.2.8-py2.6.egg", hash = "sha256:a99324196732f53093a84c4369c996713eb8c89d360a496b599fb1a9c47fc3eb"},
    {file = "pyasn1_modules-0.2.8-py2.7.egg", hash = "sha256:0845a5582f6a02bb3e1bde9ecfc4bfcae6ec3210dd270522fee602365430c3f8"},
    {file = "pyasn1_modules-0.2.8-py2.py3-none-any.whl", hash = "sha256:a50b808ffeb97cb3601dd25981f6b016cbb3d31fbf57a8b8a87428e6158d0c74"},
    {file = "pyasn1_modules-0.2.8-py3.1.egg", hash = "sha256:f39edd8c4ecaa4556e989147ebf219227e2cd2e8a43c7e7fcb1f1c18c5fd6a3d"},
    {file = "pyasn1_modules-0.2.8-py3.2.egg", hash = "sha256:b80486a6c77252ea3a3e9b1e360bc9cf28eaac41263d173c032581ad2f20fe45"},
    {file = "pyasn1_modules-0.2.8-py3.3.egg", hash = "sha256:65cebbaffc913f4fe9e4808735c95ea22d7a7775646ab690518c056784bc21b4"},
    {file = "pyasn1_modules-0.2.8-py3.4.egg", hash = "sha256:15b7c67fabc7fc240d87fb9aabf999cf82311a6d6fb2c70d00d3d0604878c811"},
    {file = "pyasn1_modules-0.2.8-py3.5.egg", hash = "sha256:426edb7a5e8879f1ec54a1864f16b882c2837bfd06eee62f2c982315ee2473ed"},
    {file = "pyasn1_modules-0.2.8-py3.6.egg", hash = "sha256:cbac4bc38d117f2a49aeedec4407d23e8866ea4ac27ff2cf7fb3e5b570df19e0"},
    {file = "pyasn1_modules-0.2.8-py3.7.egg", hash = "sha256:c29a5e5cc7a3f05926aff34e097e84f8589cd790ce0ed41b67aed6857b26aafd"},
]
python-dateutil = [
    {file = "python-dateutil-2.8.1.tar.gz", hash = "sha256:73ebfe9dbf22e832286dafa60473e4cd239f8592f699aa5adaf10050e6e1823c"},
    {file = "python_dateutil-2.8.1-py2.py3-none-any.whl", hash = "sha256:75bb3f31ea686f1197762692a9ee6a7550b59fc6ca3a1f4b5d7e32fb98e2da2a"},
]
pytz = [
    {file = "pytz-2020.1-py2.py3-none-any.whl", hash = "sha256:a494d53b6d39c3c6e44c3bec237336e14305e4f29bbf800b599253057fbb79ed"},
    {file = "pytz-2020.1.tar.gz", hash = "sha256:c35965d010ce31b23eeb663ed3cc8c906275d6be1a34393a1d73a41febf4a048"},
]
regex = [
    {file = "regex-2020.5.14-cp27-cp27m-win32.whl", hash = "sha256:e565569fc28e3ba3e475ec344d87ed3cd8ba2d575335359749298a0899fe122e"},
    {file = "regex-2020.5.14-cp27-cp27m-win_amd64.whl", hash = "sha256:d466967ac8e45244b9dfe302bbe5e3337f8dc4dec8d7d10f5e950d83b140d33a"},
    {file = "regex-2020.5.14-cp36-cp36m-manylinux1_i686.whl", hash = "sha256:27ff7325b297fb6e5ebb70d10437592433601c423f5acf86e5bc1ee2919b9561"},
    {file = "regex-2020.5.14-cp36-cp36m-manylinux1_x86_64.whl", hash = "sha256:ea55b80eb0d1c3f1d8d784264a6764f931e172480a2f1868f2536444c5f01e01"},
    {file = "regex-2020.5.14-cp36-cp36m-manylinux2010_i686.whl", hash = "sha256:c9bce6e006fbe771a02bda468ec40ffccbf954803b470a0345ad39c603402577"},
    {file = "regex-2020.5.14-cp36-cp36m-manylinux2010_x86_64.whl", hash = "sha256:d881c2e657c51d89f02ae4c21d9adbef76b8325fe4d5cf0e9ad62f850f3a98fd"},
    {file = "regex-2020.5.14-cp36-cp36m-win32.whl", hash = "sha256:99568f00f7bf820c620f01721485cad230f3fb28f57d8fbf4a7967ec2e446994"},
    {file = "regex-2020.5.14-cp36-cp36m-win_amd64.whl", hash = "sha256:70c14743320a68c5dac7fc5a0f685be63bc2024b062fe2aaccc4acc3d01b14a1"},
    {file = "regex-2020.5.14-cp37-cp37m-manylinux1_i686.whl", hash = "sha256:a7c37f048ec3920783abab99f8f4036561a174f1314302ccfa4e9ad31cb00eb4"},
    {file = "regex-2020.5.14-cp37-cp37m-manylinux1_x86_64.whl", hash = "sha256:89d76ce33d3266173f5be80bd4efcbd5196cafc34100fdab814f9b228dee0fa4"},
    {file = "regex-2020.5.14-cp37-cp37m-manylinux2010_i686.whl", hash = "sha256:51f17abbe973c7673a61863516bdc9c0ef467407a940f39501e786a07406699c"},
    {file = "regex-2020.5.14-cp37-cp37m-manylinux2010_x86_64.whl", hash = "sha256:ce5cc53aa9fbbf6712e92c7cf268274eaff30f6bd12a0754e8133d85a8fb0f5f"},
    {file = "regex-2020.5.14-cp37-cp37m-win32.whl", hash = "sha256:8044d1c085d49673aadb3d7dc20ef5cb5b030c7a4fa253a593dda2eab3059929"},
    {file = "regex-2020.5.14-cp37-cp37m-win_amd64.whl", hash = "sha256:c2062c7d470751b648f1cacc3f54460aebfc261285f14bc6da49c6943bd48bdd"},
    {file = "regex-2020.5.14-cp38-cp38-manylinux1_i686.whl", hash = "sha256:329ba35d711e3428db6b45a53b1b13a0a8ba07cbbcf10bbed291a7da45f106c3"},
    {file = "regex-2020.5.14-cp38-cp38-manylinux1_x86_64.whl", hash = "sha256:579ea215c81d18da550b62ff97ee187b99f1b135fd894a13451e00986a080cad"},
    {file = "regex-2020.5.14-cp38-cp38-manylinux2010_i686.whl", hash = "sha256:3a9394197664e35566242686d84dfd264c07b20f93514e2e09d3c2b3ffdf78fe"},
    {file = "regex-2020.5.14-cp38-cp38-manylinux2010_x86_64.whl", hash = "sha256:ce367d21f33e23a84fb83a641b3834dd7dd8e9318ad8ff677fbfae5915a239f7"},
    {file = "regex-2020.5.14-cp38-cp38-win32.whl", hash = "sha256:1386e75c9d1574f6aa2e4eb5355374c8e55f9aac97e224a8a5a6abded0f9c927"},
    {file = "regex-2020.5.14-cp38-cp38-win_amd64.whl", hash = "sha256:7e61be8a2900897803c293247ef87366d5df86bf701083b6c43119c7c6c99108"},
    {file = "regex-2020.5.14.tar.gz", hash = "sha256:ce450ffbfec93821ab1fea94779a8440e10cf63819be6e176eb1973a6017aff5"},
]
requests = [
    {file = "requests-2.23.0-py2.py3-none-any.whl", hash = "sha256:43999036bfa82904b6af1d99e4882b560e5e2c68e5c4b0aa03b655f3d7d73fee"},
    {file = "requests-2.23.0.tar.gz", hash = "sha256:b3f43d496c6daba4493e7c431722aeb7dbc6288f52a6e04e7b6023b0247817e6"},
]
rsa = [
    {file = "rsa-4.0-py2.py3-none-any.whl", hash = "sha256:14ba45700ff1ec9eeb206a2ce76b32814958a98e372006c8fb76ba820211be66"},
    {file = "rsa-4.0.tar.gz", hash = "sha256:1a836406405730121ae9823e19c6e806c62bbad73f890574fff50efa4122c487"},
]
sacremoses = [
    {file = "sacremoses-0.0.43.tar.gz", hash = "sha256:123c1bf2664351fb05e16f87d3786dbe44a050cfd7b85161c09ad9a63a8e2948"},
]
sentencepiece = [
    {file = "sentencepiece-0.1.91-cp27-cp27m-macosx_10_6_x86_64.whl", hash = "sha256:f2f109514b28326d5c6d69b43ba6b08e6fedf8fc77416b9a9c16be55c9ac138d"},
    {file = "sentencepiece-0.1.91-cp27-cp27m-manylinux1_i686.whl", hash = "sha256:b3643634e043fd7a5914d51d7dc60003dad0af976b8496df0406a487b0b83a8e"},
    {file = "sentencepiece-0.1.91-cp27-cp27m-manylinux1_x86_64.whl", hash = "sha256:21a2e9f476f0c3e45da1e5da00b7ec5241bbddb524bd7b1b3d61b1bcbc05efa6"},
    {file = "sentencepiece-0.1.91-cp27-cp27mu-manylinux1_i686.whl", hash = "sha256:30224b1f77af9cef79ffe3a40ed0e536be44df75c066f771e9e769b48379bd98"},
    {file = "sentencepiece-0.1.91-cp27-cp27mu-manylinux1_x86_64.whl", hash = "sha256:679fcdd01e01d990950a46a814210445f2202260d092d3b69f9826739d8aed2b"},
    {file = "sentencepiece-0.1.91-cp35-cp35m-macosx_10_6_x86_64.whl", hash = "sha256:123ac26429025b3153f8bae53d044e9dd29539e888dcb9f39a4982e6daf9dbe9"},
    {file = "sentencepiece-0.1.91-cp35-cp35m-manylinux1_i686.whl", hash = "sha256:53f4a91c8a6b55a75caad70d9f34bf331a576e9708c549729b06412c857aacb9"},
    {file = "sentencepiece-0.1.91-cp35-cp35m-manylinux1_x86_64.whl", hash = "sha256:f1c0cf36fcff4a3ea8925babc3ed7f5f3d58628e062b24f9fad92c400bc9210c"},
    {file = "sentencepiece-0.1.91-cp36-cp36m-macosx_10_6_x86_64.whl", hash = "sha256:c0b01bb8ab3b62aba76d6b0851a1d0fcf5df5ef5616f114ea85917d8ab5f59db"},
    {file = "sentencepiece-0.1.91-cp36-cp36m-manylinux1_i686.whl", hash = "sha256:70b4164c98dba43246a068c848fab5ac9966b5bcd731ee4cb9bcf6ae976389a4"},
    {file = "sentencepiece-0.1.91-cp36-cp36m-manylinux1_x86_64.whl", hash = "sha256:b858805ac3c6d92e5454a89476b1f9e0505e1511276cd258d5a70776c70374f1"},
    {file = "sentencepiece-0.1.91-cp36-cp36m-win32.whl", hash = "sha256:8bbb9173168d53165ba00172a5db7734e4826c30e6ffc4b3f8a6098713f6111d"},
    {file = "sentencepiece-0.1.91-cp36-cp36m-win_amd64.whl", hash = "sha256:51c25d504beeef4c697b8f55e2baf7c6b31733a190ff9b983a6db57faa59d3d8"},
    {file = "sentencepiece-0.1.91-cp37-cp37m-macosx_10_6_x86_64.whl", hash = "sha256:a04218f1b93b5669f3cee1dc8d6c397428e2f6af8843a20ddb2b629f6a86e632"},
    {file = "sentencepiece-0.1.91-cp37-cp37m-manylinux1_i686.whl", hash = "sha256:7fcda06cab76136346dd279268664c65f0b66bb2147ceb97e2cec25b426e8210"},
    {file = "sentencepiece-0.1.91-cp37-cp37m-manylinux1_x86_64.whl", hash = "sha256:3b4175a9d883a3b27436d51cb82794e3a62d0955bb36cc96d5d7932095c13135"},
    {file = "sentencepiece-0.1.91-cp37-cp37m-win32.whl", hash = "sha256:f0b383de68604195fe806072e7c8837eb5156455dfdb18fd26a9a94df3f57d42"},
    {file = "sentencepiece-0.1.91-cp37-cp37m-win_amd64.whl", hash = "sha256:82d819eb1e997b39424d7422aa885d2ef514f754dd2935a4f4fcfdedeee955c6"},
    {file = "sentencepiece-0.1.91-cp38-cp38-macosx_10_6_x86_64.whl", hash = "sha256:f331fd58f438d5d5476d189e9a4944c84f7e4b027533809292b9c119b58e43b8"},
    {file = "sentencepiece-0.1.91-cp38-cp38-manylinux1_i686.whl", hash = "sha256:79ad2f82b412859c516b569fb89b5e5c0ceba74d71c8d4b99cc8a2c734f3c79d"},
    {file = "sentencepiece-0.1.91-cp38-cp38-manylinux1_x86_64.whl", hash = "sha256:796726d680d6c26f0f4ff213a0f6b1ef790b02071268adf5f449739c1c903f93"},
    {file = "sentencepiece-0.1.91-cp38-cp38-win32.whl", hash = "sha256:9bdff324279359598a516de8413fd2c62bc3c9c8f569f4431829599fbe57e417"},
    {file = "sentencepiece-0.1.91-cp38-cp38-win_amd64.whl", hash = "sha256:c2a004470d388272d6c17ca160ef73d6ea1ffcddc345771d817ece5c85d85dcb"},
    {file = "sentencepiece-0.1.91.tar.gz", hash = "sha256:f9700cf607ea064d9fad34c751fbf49953dcc56fe68c54b277481aa0aec5c18f"},
]
six = [
    {file = "six-1.15.0-py2.py3-none-any.whl", hash = "sha256:8b74bedcbbbaca38ff6d7491d76f2b06b3592611af620f8426e82dddb04a5ced"},
    {file = "six-1.15.0.tar.gz", hash = "sha256:30639c035cdb23534cd4aa2dd52c3bf48f06e5f4a941509c8bafd8ce11080259"},
]
tokenizers = [
    {file = "tokenizers-0.7.0-cp35-cp35m-macosx_10_10_x86_64.whl", hash = "sha256:c9edc043bc14462faf8b261b528661718e9c4f0b8424fb25be71cae26187432a"},
    {file = "tokenizers-0.7.0-cp35-cp35m-manylinux1_x86_64.whl", hash = "sha256:892dac477347c65d65eef5092e9aa0c02df17f1a6d2113380277505bc6ae1db4"},
    {file = "tokenizers-0.7.0-cp35-cp35m-win32.whl", hash = "sha256:aa7d429b4c2978e1b2265a9fdbf27fe723f3acb9d58cebd6756ef20584d2d5e5"},
    {file = "tokenizers-0.7.0-cp35-cp35m-win_amd64.whl", hash = "sha256:8f4203683b66369defa6fdd91ba07828715537ff31258dab171e4029bf54f7c9"},
    {file = "tokenizers-0.7.0-cp36-cp36m-macosx_10_10_x86_64.whl", hash = "sha256:e0faee1f08daaec0f9220967c8209b19e147e6eda55a22bea8fcc6f06aee95c7"},
    {file = "tokenizers-0.7.0-cp36-cp36m-manylinux1_x86_64.whl", hash = "sha256:17793599e4a0bb71730e366ecef47e4c0df2a79b4418d7557bf3af6cb995f8ba"},
    {file = "tokenizers-0.7.0-cp36-cp36m-win32.whl", hash = "sha256:fe3c994d2a993d32effcaf8600bf6ac29ef7de84519669f0efadb54f94d411a3"},
    {file = "tokenizers-0.7.0-cp36-cp36m-win_amd64.whl", hash = "sha256:83da606afe2a5e7941a25490d841924750d55d7667284d2d2ded2de520181790"},
    {file = "tokenizers-0.7.0-cp37-cp37m-macosx_10_10_x86_64.whl", hash = "sha256:1b28e8ec30eea03b0d9bf7fe80c6fd240b7e5b76e7ec9542af0a48ffc1853a16"},
    {file = "tokenizers-0.7.0-cp37-cp37m-manylinux1_x86_64.whl", hash = "sha256:695657cddabb9bb08444ba1bed822302039983c63d046e93760eb993739c3c10"},
    {file = "tokenizers-0.7.0-cp37-cp37m-win32.whl", hash = "sha256:a0abe20c50ca0760a895da33f1b55d452f21e55bddc418007d92d8665e86feb7"},
    {file = "tokenizers-0.7.0-cp37-cp37m-win_amd64.whl", hash = "sha256:b319d70f50c851ec4ae9a3d5c4eae1e3f74f8d720d61bc3d430915868a06a4a8"},
    {file = "tokenizers-0.7.0-cp38-cp38-macosx_10_10_x86_64.whl", hash = "sha256:f22ea3a79daf3705d9a8446821b3e202e8cc79467df7db75875d1fbb85d7c852"},
    {file = "tokenizers-0.7.0-cp38-cp38-manylinux1_x86_64.whl", hash = "sha256:2b101a752ee6147c4a5e08daa9c7d617259483fd4b0c70e7dfddfcadc8a73d2f"},
    {file = "tokenizers-0.7.0-cp38-cp38-win32.whl", hash = "sha256:03ad125d12e69a343763dbb160f43d953513cb32c5e11674c09431133ebcfd8b"},
    {file = "tokenizers-0.7.0-cp38-cp38-win_amd64.whl", hash = "sha256:40520c333c1d602d0f99602bfeecd8f734188fc4360268ec7eb4d8b8570c6e95"},
    {file = "tokenizers-0.7.0.tar.gz", hash = "sha256:a3cb9be31e3be381ab3f9e9ea7f96d4ba83588c40c44fe63b535b7341cdf74fe"},
]
tqdm = [
    {file = "tqdm-4.46.0-py2.py3-none-any.whl", hash = "sha256:acdafb20f51637ca3954150d0405ff1a7edde0ff19e38fb99a80a66210d2a28f"},
    {file = "tqdm-4.46.0.tar.gz", hash = "sha256:4733c4a10d0f2a4d098d801464bdaf5240c7dadd2a7fde4ee93b0a0efd9fb25e"},
]
transformers = [
    {file = "transformers-2.10.0-py3-none-any.whl", hash = "sha256:dd06c2e684655d19d60b975be20cd4a924f6c1b02439db0aa5fafce5a39aed5a"},
    {file = "transformers-2.10.0.tar.gz", hash = "sha256:ad50a5d99e9379cc46a830b96d6c75f6ee058d141b34a2626ee07031a51a94c3"},
]
urllib3 = [
    {file = "urllib3-1.25.9-py2.py3-none-any.whl", hash = "sha256:88206b0eb87e6d677d424843ac5209e3fb9d0190d0ee169599165ec25e9d9115"},
    {file = "urllib3-1.25.9.tar.gz", hash = "sha256:3018294ebefce6572a474f0604c2021e33b3fd8006ecd11d62107a5d2a963527"},
]
